version: '2'
packs:
- id: duaility/governance-kit
  version: '0.1'
  source: local
  directives:
  - kit-version-consistency
  - pre-commit-test-gate
- id: governance-kit/foundation
  version: 0.1.0
  source: gh
  ref: gh:duaility/governance-kit/packs/foundation@main
  sha: fd38a10012088c278a5ff614f8921bd6b35440d7
  subpath: packs/foundation
  min_governance_kit: '0.3'
  installed_at: 2026-06-11 00:00:00+00:00
  directives:
  - kit-version-sync
  - repo-hygiene
  - required-docs
- id: governance-kit/security
  version: 0.1.0
  source: gh
  ref: gh:duaility/governance-kit/packs/security@main
  sha: fd38a10012088c278a5ff614f8921bd6b35440d7
  subpath: packs/security
  min_governance_kit: '0.3'
  installed_at: 2026-06-11 00:00:00+00:00
  directives:
  - pinned-dependencies
  - secrets-hygiene
  - token-permissions
- id: governance-kit/docs
  version: 0.1.0
  source: gh
  ref: gh:duaility/governance-kit/packs/docs@main
  sha: fd38a10012088c278a5ff614f8921bd6b35440d7
  subpath: packs/docs
  min_governance_kit: '0.3'
  installed_at: 2026-06-11 00:00:00+00:00
  directives:
  - doc-freshness
  - no-broken-internal-doc-links
- id: governance-kit/commits
  version: 0.1.0
  source: gh
  ref: gh:duaility/governance-kit/packs/commits@main
  sha: fd38a10012088c278a5ff614f8921bd6b35440d7
  subpath: packs/commits
  min_governance_kit: '0.3'
  installed_at: 2026-06-11 00:00:00+00:00
  directives:
  - commit-message-format
- id: governance-kit/audit
  version: 0.1.0
  source: gh
  ref: gh:duaility/governance-kit/packs/audit@main
  sha: fd38a10012088c278a5ff614f8921bd6b35440d7
  subpath: packs/audit
  min_governance_kit: '0.3'
  installed_at: 2026-06-11 00:00:00+00:00
  directives:
  - agent-steering-accounting
  - agent-token-accounting
- id: governance-kit/process
  version: 0.1.0
  source: gh
  ref: gh:duaility/governance-kit/packs/process@main
  sha: fd38a10012088c278a5ff614f8921bd6b35440d7
  subpath: packs/process
  min_governance_kit: '0.3'
  installed_at: 2026-06-11 00:00:00+00:00
  directives:
  - commit-issue-receipt-match
  - issue-templates
  - issues-tracked
  - receipt-per-issue
- id: governance-kit/integrity
  version: 0.1.0
  source: gh
  ref: gh:duaility/governance-kit/packs/integrity@main
  sha: fd38a10012088c278a5ff614f8921bd6b35440d7
  subpath: packs/integrity
  min_governance_kit: '0.3'
  installed_at: 2026-06-11 00:00:00+00:00
  directives:
  - doc-integrity
