version: '2'
packs:
- id: duaility/governance-kit
  version: '0.1'
  source: local
  directives:
  - pre-commit-test-gate
- id: governance-kit/core
  version: '0.2'
  source: gh
  ref: gh:duaility/governance-kit/packs/core@v0.2
  sha: b33ec7a05be6c157a63b5f1a22d0102a1bf5a50c
  subpath: packs/core
  min_governance_kit: ''
  installed_at: 2026-05-08T13:00:00Z
  directives:
  - agent-steering-accounting
  - agent-token-accounting
  - commit-issue-receipt-match
  - commit-message-format
  - doc-freshness
  - issue-templates
  - issues-tracked
  - no-broken-internal-doc-links
  - receipt-per-issue
  - repo-hygiene
  - required-docs
  - secrets-hygiene
  - workflows-hardened
